
Microsoft Visual Studio Solution File, Format Version 11.00
# Visual Studio 2010
Project("{FAE04EC0-301F-11D3-BF4B-00C04F79EFBC}") = "Dota2Stats", "Dota2Stats\Dota2Stats.csproj", "{169A9477-751B-4E8E-992D-53462E0AB846}"
EndProject
Global
	GlobalSection(SolutionConfigurationPlatforms) = preSolution
		Debug|x86 = Debug|x86
		Release|x86 = Release|x86
	EndGlobalSection
	GlobalSection(ProjectConfigurationPlatforms) = postSolution
		{169A9477-751B-4E8E-992D-53462E0AB846}.Debug|x86.ActiveCfg = Debug|x86
		{169A9477-751B-4E8E-992D-53462E0AB846}.Debug|x86.Build.0 = Debug|x86
		{169A9477-751B-4E8E-992D-53462E0AB846}.Release|x86.ActiveCfg = Release|x86
		{169A9477-751B-4E8E-992D-53462E0AB846}.Release|x86.Build.0 = Release|x86
	EndGlobalSection
	GlobalSection(SolutionProperties) = preSolution
		HideSolutionNode = FALSE
	EndGlobalSection
EndGlobal
